
Microsoft Visual Studio Solution File, Format Version 12.00
# Visual Studio Version 17
VisualStudioVersion = 17.4.33213.308
MinimumVisualStudioVersion = 10.0.40219.1
Project("{FAE04EC0-301F-11D3-BF4B-00C04F79EFBC}") = "Com.XpressPayments.Api", "Com.XpressPayments.Api\Com.XpressPayments.Api.csproj", "{BABE9695-4EAE-445C-8C18-FAB02FF31783}"
EndProject
Project("{FAE04EC0-301F-11D3-BF4B-00C04F79EFBC}") = "Com.XpressPayments.Bussiness", "Com.XpressPayments.Bussiness\Com.XpressPayments.Bussiness.csproj", "{C6CF3C9F-315B-45A5-AE65-D6AADB2FA4A3}"
EndProject
Project("{FAE04EC0-301F-11D3-BF4B-00C04F79EFBC}") = "Com.XpressPayments.Data", "Com.XpressPayments.Data\Com.XpressPayments.Data.csproj", "{CC98A580-AE1C-4D56-B928-A15A238E4C5A}"
EndProject
Project("{FAE04EC0-301F-11D3-BF4B-00C04F79EFBC}") = "Com.XpressPayments.Common", "Com.XpressPayments.Common\Com.XpressPayments.Common.csproj", "{481BEE00-439D-4CC4-B1BC-29473367E167}"
EndProject
Global
	GlobalSection(SolutionConfigurationPlatforms) = preSolution
		Debug|Any CPU = Debug|Any CPU
		Release|Any CPU = Release|Any CPU
	EndGlobalSection
	GlobalSection(ProjectConfigurationPlatforms) = postSolution
		{BABE9695-4EAE-445C-8C18-FAB02FF31783}.Debug|Any CPU.ActiveCfg = Debug|Any CPU
		{BABE9695-4EAE-445C-8C18-FAB02FF31783}.Debug|Any CPU.Build.0 = Debug|Any CPU
		{BABE9695-4EAE-445C-8C18-FAB02FF31783}.Release|Any CPU.ActiveCfg = Release|Any CPU
		{BABE9695-4EAE-445C-8C18-FAB02FF31783}.Release|Any CPU.Build.0 = Release|Any CPU
		{C6CF3C9F-315B-45A5-AE65-D6AADB2FA4A3}.Debug|Any CPU.ActiveCfg = Debug|Any CPU
		{C6CF3C9F-315B-45A5-AE65-D6AADB2FA4A3}.Debug|Any CPU.Build.0 = Debug|Any CPU
		{C6CF3C9F-315B-45A5-AE65-D6AADB2FA4A3}.Release|Any CPU.ActiveCfg = Release|Any CPU
		{C6CF3C9F-315B-45A5-AE65-D6AADB2FA4A3}.Release|Any CPU.Build.0 = Release|Any CPU
		{CC98A580-AE1C-4D56-B928-A15A238E4C5A}.Debug|Any CPU.ActiveCfg = Debug|Any CPU
		{CC98A580-AE1C-4D56-B928-A15A238E4C5A}.Debug|Any CPU.Build.0 = Debug|Any CPU
		{CC98A580-AE1C-4D56-B928-A15A238E4C5A}.Release|Any CPU.ActiveCfg = Release|Any CPU
		{CC98A580-AE1C-4D56-B928-A15A238E4C5A}.Release|Any CPU.Build.0 = Release|Any CPU
		{481BEE00-439D-4CC4-B1BC-29473367E167}.Debug|Any CPU.ActiveCfg = Debug|Any CPU
		{481BEE00-439D-4CC4-B1BC-29473367E167}.Debug|Any CPU.Build.0 = Debug|Any CPU
		{481BEE00-439D-4CC4-B1BC-29473367E167}.Release|Any CPU.ActiveCfg = Release|Any CPU
		{481BEE00-439D-4CC4-B1BC-29473367E167}.Release|Any CPU.Build.0 = Release|Any CPU
	EndGlobalSection
	GlobalSection(SolutionProperties) = preSolution
		HideSolutionNode = FALSE
	EndGlobalSection
	GlobalSection(ExtensibilityGlobals) = postSolution
		SolutionGuid = {8648309E-BB71-412C-8CB8-DE19EB79412E}
	EndGlobalSection
EndGlobal
